#MicroXplorer Configuration settings - do not modify
CAN1.CalculateTimeBit=12000
CAN1.CalculateTimeQuantum=4000.0
CAN1.IPParameters=CalculateTimeQuantum,CalculateTimeBit
CAN2.CalculateTimeBit=12000
CAN2.CalculateTimeQuantum=4000.0
CAN2.IPParameters=CalculateTimeQuantum,CalculateTimeBit
Dma.Request0=USART2_RX
Dma.Request1=USART2_TX
Dma.Request2=USART3_RX
Dma.Request3=USART3_TX
Dma.Request4=USART6_RX
Dma.Request5=USART6_TX
Dma.RequestsNb=6
Dma.USART2_RX.0.Channel=DMA_CHANNEL_4
Dma.USART2_RX.0.Direction=DMA_PERIPH_TO_MEMORY
Dma.USART2_RX.0.FIFOMode=DMA_FIFOMODE_DISABLE
Dma.USART2_RX.0.Instance=DMA1_Stream5
Dma.USART2_RX.0.MemDataAlignment=DMA_MDATAALIGN_BYTE
Dma.USART2_RX.0.MemInc=DMA_MINC_ENABLE
Dma.USART2_RX.0.Mode=DMA_NORMAL
Dma.USART2_RX.0.PeriphDataAlignment=DMA_PDATAALIGN_BYTE
Dma.USART2_RX.0.PeriphInc=DMA_PINC_DISABLE
Dma.USART2_RX.0.Priority=DMA_PRIORITY_LOW
Dma.USART2_RX.0.RequestParameters=Instance,Channel,Direction,PeriphInc,MemInc,PeriphDataAlignment,MemDataAlignment,Mode,Priority,FIFOMode
Dma.USART2_TX.1.Channel=DMA_CHANNEL_4
Dma.USART2_TX.1.Direction=DMA_MEMORY_TO_PERIPH
Dma.USART2_TX.1.FIFOMode=DMA_FIFOMODE_DISABLE
Dma.USART2_TX.1.Instance=DMA1_Stream6
Dma.USART2_TX.1.MemDataAlignment=DMA_MDATAALIGN_BYTE
Dma.USART2_TX.1.MemInc=DMA_MINC_ENABLE
Dma.USART2_TX.1.Mode=DMA_NORMAL
Dma.USART2_TX.1.PeriphDataAlignment=DMA_PDATAALIGN_BYTE
Dma.USART2_TX.1.PeriphInc=DMA_PINC_DISABLE
Dma.USART2_TX.1.Priority=DMA_PRIORITY_LOW
Dma.USART2_TX.1.RequestParameters=Instance,Channel,Direction,PeriphInc,MemInc,PeriphDataAlignment,MemDataAlignment,Mode,Priority,FIFOMode
Dma.USART3_RX.2.Channel=DMA_CHANNEL_4
Dma.USART3_RX.2.Direction=DMA_PERIPH_TO_MEMORY
Dma.USART3_RX.2.FIFOMode=DMA_FIFOMODE_DISABLE
Dma.USART3_RX.2.Instance=DMA1_Stream1
Dma.USART3_RX.2.MemDataAlignment=DMA_MDATAALIGN_BYTE
Dma.USART3_RX.2.MemInc=DMA_MINC_ENABLE
Dma.USART3_RX.2.Mode=DMA_NORMAL
Dma.USART3_RX.2.PeriphDataAlignment=DMA_PDATAALIGN_BYTE
Dma.USART3_RX.2.PeriphInc=DMA_PINC_DISABLE
Dma.USART3_RX.2.Priority=DMA_PRIORITY_LOW
Dma.USART3_RX.2.RequestParameters=Instance,Channel,Direction,PeriphInc,MemInc,PeriphDataAlignment,MemDataAlignment,Mode,Priority,FIFOMode
Dma.USART3_TX.3.Channel=DMA_CHANNEL_4
Dma.USART3_TX.3.Direction=DMA_MEMORY_TO_PERIPH
Dma.USART3_TX.3.FIFOMode=DMA_FIFOMODE_DISABLE
Dma.USART3_TX.3.Instance=DMA1_Stream3
Dma.USART3_TX.3.MemDataAlignment=DMA_MDATAALIGN_BYTE
Dma.USART3_TX.3.MemInc=DMA_MINC_ENABLE
Dma.USART3_TX.3.Mode=DMA_NORMAL
Dma.USART3_TX.3.PeriphDataAlignment=DMA_PDATAALIGN_BYTE
Dma.USART3_TX.3.PeriphInc=DMA_PINC_DISABLE
Dma.USART3_TX.3.Priority=DMA_PRIORITY_LOW
Dma.USART3_TX.3.RequestParameters=Instance,Channel,Direction,PeriphInc,MemInc,PeriphDataAlignment,MemDataAlignment,Mode,Priority,FIFOMode
Dma.USART6_RX.4.Channel=DMA_CHANNEL_5
Dma.USART6_RX.4.Direction=DMA_PERIPH_TO_MEMORY
Dma.USART6_RX.4.FIFOMode=DMA_FIFOMODE_DISABLE
Dma.USART6_RX.4.Instance=DMA2_Stream1
Dma.USART6_RX.4.MemDataAlignment=DMA_MDATAALIGN_BYTE
Dma.USART6_RX.4.MemInc=DMA_MINC_ENABLE
Dma.USART6_RX.4.Mode=DMA_NORMAL
Dma.USART6_RX.4.PeriphDataAlignment=DMA_PDATAALIGN_BYTE
Dma.USART6_RX.4.PeriphInc=DMA_PINC_DISABLE
Dma.USART6_RX.4.Priority=DMA_PRIORITY_LOW
Dma.USART6_RX.4.RequestParameters=Instance,Channel,Direction,PeriphInc,MemInc,PeriphDataAlignment,MemDataAlignment,Mode,Priority,FIFOMode
Dma.USART6_TX.5.Channel=DMA_CHANNEL_5
Dma.USART6_TX.5.Direction=DMA_MEMORY_TO_PERIPH
Dma.USART6_TX.5.FIFOMode=DMA_FIFOMODE_DISABLE
Dma.USART6_TX.5.Instance=DMA2_Stream6
Dma.USART6_TX.5.MemDataAlignment=DMA_MDATAALIGN_BYTE
Dma.USART6_TX.5.MemInc=DMA_MINC_ENABLE
Dma.USART6_TX.5.Mode=DMA_NORMAL
Dma.USART6_TX.5.PeriphDataAlignment=DMA_PDATAALIGN_BYTE
Dma.USART6_TX.5.PeriphInc=DMA_PINC_DISABLE
Dma.USART6_TX.5.Priority=DMA_PRIORITY_LOW
Dma.USART6_TX.5.RequestParameters=Instance,Channel,Direction,PeriphInc,MemInc,PeriphDataAlignment,MemDataAlignment,Mode,Priority,FIFOMode
ETH.IPParameters=MediaInterface
ETH.MediaInterface=ETH_MEDIA_INTERFACE_RMII
File.Version=6
KeepUserPlacement=true
LWIP.IPParameters=LWIP_DHCP,IP_ADDRESS,NETMASK_ADDRESS,LWIP_TCP,MEMP_NUM_UDP_PCB
LWIP.IP_ADDRESS=192.168.001.001
LWIP.LWIP_DHCP=0
LWIP.LWIP_TCP=0
LWIP.MEMP_NUM_UDP_PCB=2
LWIP.NETMASK_ADDRESS=255.255.255.000
Mcu.Family=STM32F7
Mcu.IP0=CAN1
Mcu.IP1=CAN2
Mcu.IP10=RCC
Mcu.IP11=SPI2
Mcu.IP12=SPI3
Mcu.IP13=SPI4
Mcu.IP14=SPI5
Mcu.IP15=SYS
Mcu.IP16=TIM1
Mcu.IP17=TIM3
Mcu.IP18=TIM4
Mcu.IP19=TIM8
Mcu.IP2=CORTEX_M7
Mcu.IP20=USART2
Mcu.IP21=USART3
Mcu.IP22=USART6
Mcu.IP23=USB_OTG_FS
Mcu.IP3=DMA
Mcu.IP4=ETH
Mcu.IP5=I2C1
Mcu.IP6=I2C2
Mcu.IP7=I2C4
Mcu.IP8=LWIP
Mcu.IP9=NVIC
Mcu.IPNb=24
Mcu.Name=STM32F746Z(E-G)Tx
Mcu.Package=LQFP144
Mcu.Pin0=PE2
Mcu.Pin1=PE5
Mcu.Pin10=PF9
Mcu.Pin11=PH0/OSC_IN
Mcu.Pin12=PH1/OSC_OUT
Mcu.Pin13=PC1
Mcu.Pin14=PC2
Mcu.Pin15=PC3
Mcu.Pin16=PA1
Mcu.Pin17=PA2
Mcu.Pin18=PA7
Mcu.Pin19=PC4
Mcu.Pin2=PE6
Mcu.Pin20=PC5
Mcu.Pin21=PB0
Mcu.Pin22=PB1
Mcu.Pin23=PF14
Mcu.Pin24=PF15
Mcu.Pin25=PE9
Mcu.Pin26=PE11
Mcu.Pin27=PE13
Mcu.Pin28=PE14
Mcu.Pin29=PB10
Mcu.Pin3=PC13
Mcu.Pin30=PB12
Mcu.Pin31=PB13
Mcu.Pin32=PB14
Mcu.Pin33=PD8
Mcu.Pin34=PD9
Mcu.Pin35=PD12
Mcu.Pin36=PD13
Mcu.Pin37=PD14
Mcu.Pin38=PD15
Mcu.Pin39=PG6
Mcu.Pin4=PC14/OSC32_IN
Mcu.Pin40=PG7
Mcu.Pin41=PC6
Mcu.Pin42=PC7
Mcu.Pin43=PC8
Mcu.Pin44=PC9
Mcu.Pin45=PA8
Mcu.Pin46=PA9
Mcu.Pin47=PA10
Mcu.Pin48=PA11
Mcu.Pin49=PA12
Mcu.Pin5=PC15/OSC32_OUT
Mcu.Pin50=PA13
Mcu.Pin51=PA14
Mcu.Pin52=PC10
Mcu.Pin53=PC11
Mcu.Pin54=PC12
Mcu.Pin55=PD0
Mcu.Pin56=PD1
Mcu.Pin57=PD5
Mcu.Pin58=PD6
Mcu.Pin59=PG9
Mcu.Pin6=PF0
Mcu.Pin60=PG11
Mcu.Pin61=PG13
Mcu.Pin62=PG14
Mcu.Pin63=PB3
Mcu.Pin64=PB4
Mcu.Pin65=PB5
Mcu.Pin66=PB6
Mcu.Pin67=PB7
Mcu.Pin68=PB8
Mcu.Pin69=PB9
Mcu.Pin7=PF1
Mcu.Pin70=VP_LWIP_VS_Enabled
Mcu.Pin71=VP_SYS_VS_Systick
Mcu.Pin8=PF7
Mcu.Pin9=PF8
Mcu.PinsNb=72
Mcu.UserConstants=
Mcu.UserName=STM32F746ZGTx
MxCube.Version=4.14.0
MxDb.Version=DB.4.0.140
NVIC.BusFault_IRQn=true\:0\:0\:false\:false\:false
NVIC.DMA1_Stream1_IRQn=true\:0\:0\:false\:false\:true
NVIC.DMA1_Stream3_IRQn=true\:0\:0\:false\:false\:true
NVIC.DMA1_Stream5_IRQn=true\:0\:0\:false\:false\:true
NVIC.DMA1_Stream6_IRQn=true\:0\:0\:false\:false\:true
NVIC.DMA2_Stream1_IRQn=true\:0\:0\:false\:false\:true
NVIC.DMA2_Stream6_IRQn=true\:0\:0\:false\:false\:true
NVIC.DebugMonitor_IRQn=true\:0\:0\:false\:false\:false
NVIC.HardFault_IRQn=true\:0\:0\:false\:false\:false
NVIC.MemoryManagement_IRQn=true\:0\:0\:false\:false\:false
NVIC.NonMaskableInt_IRQn=true\:0\:0\:false\:false\:false
NVIC.PriorityGroup=NVIC_PRIORITYGROUP_4
NVIC.SysTick_IRQn=true\:0\:0\:false\:false\:true
NVIC.UsageFault_IRQn=true\:0\:0\:false\:false\:false
PA1.GPIOParameters=GPIO_Label
PA1.GPIO_Label=RMII_REF_CK [LAN8742A-CZ-TR_REFCLK0]
PA1.Locked=true
PA1.Mode=RMII
PA1.Signal=ETH_REF_CLK
PA10.GPIOParameters=GPIO_Label
PA10.GPIO_Label=USB_ID
PA10.Locked=true
PA10.Mode=OTG/Dual_Role_Device
PA10.Signal=USB_OTG_FS_ID
PA11.GPIOParameters=GPIO_Label
PA11.GPIO_Label=USB_DM
PA11.Locked=true
PA11.Mode=OTG/Dual_Role_Device
PA11.Signal=USB_OTG_FS_DM
PA12.GPIOParameters=GPIO_Label
PA12.GPIO_Label=USB_DP
PA12.Locked=true
PA12.Mode=OTG/Dual_Role_Device
PA12.Signal=USB_OTG_FS_DP
PA13.GPIOParameters=GPIO_Label
PA13.GPIO_Label=TMS
PA13.Locked=true
PA13.Mode=Trace-Asynchronous_SW
PA13.Signal=SYS_JTMS-SWDIO
PA14.GPIOParameters=GPIO_Label
PA14.GPIO_Label=TCK
PA14.Locked=true
PA14.Mode=Trace-Asynchronous_SW
PA14.Signal=SYS_JTCK-SWCLK
PA2.GPIOParameters=GPIO_Label
PA2.GPIO_Label=RMII_MDIO [LAN8742A-CZ-TR_MDIO]
PA2.Locked=true
PA2.Mode=RMII
PA2.Signal=ETH_MDIO
PA7.GPIOParameters=GPIO_Label
PA7.GPIO_Label=RMII_CRS_DV [LAN8742A-CZ-TR_CRS_DV]
PA7.Locked=true
PA7.Mode=RMII
PA7.Signal=ETH_CRS_DV
PA8.GPIOParameters=GPIO_Label
PA8.GPIO_Label=USB_SOF [TP1]
PA8.Locked=true
PA8.Mode=Activate_SOF_FS
PA8.Signal=USB_OTG_FS_SOF
PA9.GPIOParameters=GPIO_Label
PA9.GPIO_Label=USB_VBUS
PA9.Locked=true
PA9.Mode=Activate_VBUS
PA9.Signal=USB_OTG_FS_VBUS
PB0.Locked=true
PB0.Signal=S_TIM3_CH3
PB1.Locked=true
PB1.Signal=S_TIM3_CH4
PB10.Mode=Full_Duplex_Master
PB10.Signal=SPI2_SCK
PB12.Mode=Slave
PB12.Signal=CAN2_RX
PB13.GPIOParameters=GPIO_Label
PB13.GPIO_Label=RMII_TXD1 [LAN8742A-CZ-TR_TXD1]
PB13.Locked=true
PB13.Mode=RMII
PB13.Signal=ETH_TXD1
PB14.GPIOParameters=GPIO_Label
PB14.GPIO_Label=LD3 [Red]
PB14.Locked=true
PB14.Signal=GPIO_Output
PB3.GPIOParameters=GPIO_Label
PB3.GPIO_Label=SW0
PB3.Locked=true
PB3.Mode=Trace-Asynchronous_SW
PB3.Signal=SYS_JTDO-SWO
PB4.Locked=true
PB4.Signal=S_TIM3_CH1
PB5.Locked=true
PB5.Signal=S_TIM3_CH2
PB6.Mode=Slave
PB6.Signal=CAN2_TX
PB7.GPIOParameters=GPIO_Label
PB7.GPIO_Label=LD2 [Blue]
PB7.Locked=true
PB7.Signal=GPIO_Output
PB8.Locked=true
PB8.Mode=I2C
PB8.Signal=I2C1_SCL
PB9.Mode=I2C
PB9.Signal=I2C1_SDA
PC1.GPIOParameters=GPIO_Label
PC1.GPIO_Label=RMII_MDC [LAN8742A-CZ-TR_MDC]
PC1.Locked=true
PC1.Mode=RMII
PC1.Signal=ETH_MDC
PC10.Mode=Full_Duplex_Master
PC10.Signal=SPI3_SCK
PC11.Mode=Full_Duplex_Master
PC11.Signal=SPI3_MISO
PC12.Locked=true
PC12.Mode=Full_Duplex_Master
PC12.Signal=SPI3_MOSI
PC13.GPIOParameters=GPIO_Label
PC13.GPIO_Label=User Blue Button [B1]
PC13.Locked=true
PC13.Signal=GPIO_Input
PC14/OSC32_IN.Locked=true
PC14/OSC32_IN.Mode=LSE-External-Oscillator
PC14/OSC32_IN.Signal=RCC_OSC32_IN
PC15/OSC32_OUT.Locked=true
PC15/OSC32_OUT.Mode=LSE-External-Oscillator
PC15/OSC32_OUT.Signal=RCC_OSC32_OUT
PC2.Mode=Full_Duplex_Master
PC2.Signal=SPI2_MISO
PC3.Mode=Full_Duplex_Master
PC3.Signal=SPI2_MOSI
PC4.GPIOParameters=GPIO_Label
PC4.GPIO_Label=RMII_RXD0 [LAN8742A-CZ-TR_RXD0]
PC4.Locked=true
PC4.Mode=RMII
PC4.Signal=ETH_RXD0
PC5.GPIOParameters=GPIO_Label
PC5.GPIO_Label=RMII_RXD1 [LAN8742A-CZ-TR_RXD1]
PC5.Locked=true
PC5.Mode=RMII
PC5.Signal=ETH_RXD1
PC6.Signal=S_TIM8_CH1
PC7.Signal=S_TIM8_CH2
PC8.Signal=S_TIM8_CH3
PC9.Signal=S_TIM8_CH4
PCC.Checker=false
PCC.Line=STM32F7x6
PCC.MCU=STM32F746Z(E-G)Tx
PCC.MXVersion=4.14.0
PCC.PartNumber=STM32F746ZGTx
PCC.Seq0=0
PCC.Series=STM32F7
PCC.Temperature=25
PCC.Vdd=3.6
PD0.Mode=Master
PD0.Signal=CAN1_RX
PD1.Mode=Master
PD1.Signal=CAN1_TX
PD12.Signal=S_TIM4_CH1
PD13.Signal=S_TIM4_CH2
PD14.Signal=S_TIM4_CH3
PD15.Signal=S_TIM4_CH4
PD5.Mode=Asynchronous
PD5.Signal=USART2_TX
PD6.Locked=true
PD6.Mode=Asynchronous
PD6.Signal=USART2_RX
PD8.GPIOParameters=GPIO_Label
PD8.GPIO_Label=STLK_RX [STM32F103CBT6_PA3]
PD8.Locked=true
PD8.Mode=Asynchronous
PD8.Signal=USART3_TX
PD9.GPIOParameters=GPIO_Label
PD9.GPIO_Label=STLK_TX [STM32F103CBT6_PA2]
PD9.Locked=true
PD9.Mode=Asynchronous
PD9.Signal=USART3_RX
PE11.Signal=S_TIM1_CH2
PE13.Signal=S_TIM1_CH3
PE14.Signal=S_TIM1_CH4
PE2.Mode=Full_Duplex_Master
PE2.Signal=SPI4_SCK
PE5.Mode=Full_Duplex_Master
PE5.Signal=SPI4_MISO
PE6.Mode=Full_Duplex_Master
PE6.Signal=SPI4_MOSI
PE9.Signal=S_TIM1_CH1
PF0.Mode=I2C
PF0.Signal=I2C2_SDA
PF1.Mode=I2C
PF1.Signal=I2C2_SCL
PF14.Mode=I2C
PF14.Signal=I2C4_SCL
PF15.Mode=I2C
PF15.Signal=I2C4_SDA
PF7.Mode=Full_Duplex_Master
PF7.Signal=SPI5_SCK
PF8.Mode=Full_Duplex_Master
PF8.Signal=SPI5_MISO
PF9.Mode=Full_Duplex_Master
PF9.Signal=SPI5_MOSI
PG11.GPIOParameters=GPIO_Label
PG11.GPIO_Label=RMII_TX_EN [LAN8742A-CZ-TR_TXEN]
PG11.Locked=true
PG11.Mode=RMII
PG11.Signal=ETH_TX_EN
PG13.GPIOParameters=GPIO_Label
PG13.GPIO_Label=RMII_TXD0 [LAN8742A-CZ-TR_TXD0]
PG13.Locked=true
PG13.Mode=RMII
PG13.Signal=ETH_TXD0
PG14.Locked=true
PG14.Mode=Asynchronous
PG14.Signal=USART6_TX
PG6.GPIOParameters=GPIO_Label
PG6.GPIO_Label=USB_PowerSwitchOn [STMPS2151STR_EN]
PG6.Locked=true
PG6.Signal=GPIO_Output
PG7.GPIOParameters=GPIO_Label
PG7.GPIO_Label=USB_OverCurrent [STMPS2151STR_FAULT]
PG7.Locked=true
PG7.Signal=GPIO_Input
PG9.Locked=true
PG9.Mode=Asynchronous
PG9.Signal=USART6_RX
PH0/OSC_IN.GPIOParameters=GPIO_Label
PH0/OSC_IN.GPIO_Label=MCO [STM32F103CBT6_PA8]
PH0/OSC_IN.Locked=true
PH0/OSC_IN.Mode=HSE-External-Clock-Source
PH0/OSC_IN.Signal=RCC_OSC_IN
PH1/OSC_OUT.Locked=true
PH1/OSC_OUT.Mode=HSE-External-Clock-Source
PH1/OSC_OUT.Signal=RCC_OSC_OUT
RCC.48MHZClocksFreq_Value=24000000
RCC.ADC12outputFreq_Value=72000000
RCC.ADC34outputFreq_Value=72000000
RCC.AHBFreq_Value=8000000
RCC.APB1CLKDivider=RCC_HCLK_DIV2
RCC.APB1Freq_Value=4000000
RCC.APB1TimFreq_Value=8000000
RCC.APB2Freq_Value=8000000
RCC.APB2TimFreq_Value=8000000
RCC.CECFreq_Value=16393.44262295082
RCC.CortexFreq_Value=8000000
RCC.EthernetFreq_Value=8000000
RCC.FCLKCortexFreq_Value=8000000
RCC.FamilyName=M
RCC.HCLKFreq_Value=8000000
RCC.HSE_VALUE=8000000
RCC.HSI_VALUE=8000000
RCC.I2C1Freq_Value=4000000
RCC.I2C2Freq_Value=4000000
RCC.I2C3Freq_Value=4000000
RCC.I2C4Freq_Value=4000000
RCC.I2SClocksFreq_Value=48000000
RCC.I2SFreq_Value=48000000
RCC.IPParameters=FamilyName,LSI_VALUE,HSE_VALUE,RTCHSEDivFreq_Value,RTCFreq_Value,HSI_VALUE,I2C2Freq_Value,VCOOutput2Freq_Value,PLLCLKFreq_Value,USBFreq_Value,PLLMCOFreq_Value,ADC12outputFreq_Value,ADC34outputFreq_Value,SYSCLKFreq_VALUE,AHBFreq_Value,CortexFreq_Value,APB1Freq_Value,UART5Freq_Value,UART4Freq_Value,USART2Freq_Value,USART3Freq_Value,APB2Freq_Value,TIM2Freq_Value,USART1Freq_Value,I2C3Freq_Value,I2C1Freq_Value,PLLMUL,SYSCLKSourceVirtual,HCLKFreq_Value,FCLKCortexFreq_Value,APB1TimFreq_Value,TIM3Freq_Value,APB2TimFreq_Value,TIM15Freq_Value,TIM17Freq_Value,TIM16Freq_Value,TIM20Freq_Value,TIM1Freq_Value,TIM8Freq_Value,I2SClocksFreq_Value,MCOFreq_Value,APB1CLKDivider,PRESCALERUSB,WatchDogFreq_Value,EthernetFreq_Value,MCO2PinFreq_Value,VCOInputFreq_Value,VCOOutputFreq_Value,48MHZClocksFreq_Value,VCOI2SOutputFreq_Value,VcooutputI2S,MCO1PinFreq_Value,LPTIM1Freq_Value,USART6Freq_Value,UART7Freq_Value,PLLQCLKFreq_Value,PLLQoutputFreq_Value,VCOSAIOutputFreq_Value,PLLSAIPCLKFreq_Value,PLLSAIoutputFreq_Value,PLLSAIQCLKFreq_Value,SAI2Freq_Value,PLLSAIRCLKFreq_Value,LCDTFToutputFreq_Value,PLLI2SPCLKFreq_Value,SPDIFRXFreq_Value,PLLI2SQCLKFreq_Value,PLLI2SRCLKFreq_Value,PLLI2SRoutputFreq_Value,SDMMCFreq_Value,CECFreq_Value,I2C4Freq_Value,SAI1Freq_Value,UART8Freq_Value,I2SFreq_Value,PLLSource,PLLSourceVirtualString
RCC.LCDTFToutputFreq_Value=24000000
RCC.LPTIM1Freq_Value=4000000
RCC.LSI_VALUE=40000
RCC.MCO1PinFreq_Value=8000000
RCC.MCO2PinFreq_Value=8000000
RCC.MCOFreq_Value=72000000
RCC.PLLCLKFreq_Value=48000000
RCC.PLLI2SPCLKFreq_Value=48000000
RCC.PLLI2SQCLKFreq_Value=48000000
RCC.PLLI2SRCLKFreq_Value=48000000
RCC.PLLI2SRoutputFreq_Value=48000000
RCC.PLLMCOFreq_Value=72000000
RCC.PLLMUL=RCC_PLL_MUL9
RCC.PLLQCLKFreq_Value=48000000
RCC.PLLQoutputFreq_Value=48000000
RCC.PLLSAIPCLKFreq_Value=48000000
RCC.PLLSAIQCLKFreq_Value=48000000
RCC.PLLSAIRCLKFreq_Value=48000000
RCC.PLLSAIoutputFreq_Value=48000000
RCC.PLLSource=RCC_PLLSOURCE_HSI
RCC.PLLSourceVirtualString=RCC_PLLSOURCE_HSI
RCC.PRESCALERUSB=RCC_USBCLKSOURCE_PLL_DIV1_5
RCC.RTCFreq_Value=40000
RCC.RTCHSEDivFreq_Value=4000000
RCC.SAI1Freq_Value=48000000
RCC.SAI2Freq_Value=48000000
RCC.SDMMCFreq_Value=8000000
RCC.SPDIFRXFreq_Value=48000000
RCC.SYSCLKFreq_VALUE=8000000
RCC.SYSCLKSourceVirtual=RCC_SYSCLKSOURCE_PLLCLK
RCC.TIM15Freq_Value=72000000
RCC.TIM16Freq_Value=72000000
RCC.TIM17Freq_Value=72000000
RCC.TIM1Freq_Value=72000000
RCC.TIM20Freq_Value=72000000
RCC.TIM2Freq_Value=72000000
RCC.TIM3Freq_Value=72000000
RCC.TIM8Freq_Value=72000000
RCC.UART4Freq_Value=4000000
RCC.UART5Freq_Value=4000000
RCC.UART7Freq_Value=4000000
RCC.UART8Freq_Value=4000000
RCC.USART1Freq_Value=8000000
RCC.USART2Freq_Value=4000000
RCC.USART3Freq_Value=4000000
RCC.USART6Freq_Value=8000000
RCC.USBFreq_Value=48000000
RCC.VCOI2SOutputFreq_Value=96000000
RCC.VCOInputFreq_Value=500000
RCC.VCOOutput2Freq_Value=8000000
RCC.VCOOutputFreq_Value=96000000
RCC.VCOSAIOutputFreq_Value=96000000
RCC.VcooutputI2S=48000000
RCC.WatchDogFreq_Value=40000
SH.S_TIM1_CH1.0=TIM1_CH1,Input_Capture1_from_TI1
SH.S_TIM1_CH1.ConfNb=1
SH.S_TIM1_CH2.0=TIM1_CH2,Input_Capture2_from_TI2
SH.S_TIM1_CH2.ConfNb=1
SH.S_TIM1_CH3.0=TIM1_CH3,Input_Capture3_from_TI3
SH.S_TIM1_CH3.ConfNb=1
SH.S_TIM1_CH4.0=TIM1_CH4,Input_Capture4_from_TI4
SH.S_TIM1_CH4.ConfNb=1
SH.S_TIM3_CH1.0=TIM3_CH1,PWM Generation1 CH1
SH.S_TIM3_CH1.ConfNb=1
SH.S_TIM3_CH2.0=TIM3_CH2,PWM Generation2 CH2
SH.S_TIM3_CH2.ConfNb=1
SH.S_TIM3_CH3.0=TIM3_CH3,PWM Generation3 CH3
SH.S_TIM3_CH3.ConfNb=1
SH.S_TIM3_CH4.0=TIM3_CH4,PWM Generation4 CH4
SH.S_TIM3_CH4.ConfNb=1
SH.S_TIM4_CH1.0=TIM4_CH1,PWM Generation1 CH1
SH.S_TIM4_CH1.ConfNb=1
SH.S_TIM4_CH2.0=TIM4_CH2,PWM Generation2 CH2
SH.S_TIM4_CH2.ConfNb=1
SH.S_TIM4_CH3.0=TIM4_CH3,PWM Generation3 CH3
SH.S_TIM4_CH3.ConfNb=1
SH.S_TIM4_CH4.0=TIM4_CH4,PWM Generation4 CH4
SH.S_TIM4_CH4.ConfNb=1
SH.S_TIM8_CH1.0=TIM8_CH1,Input_Capture1_from_TI1
SH.S_TIM8_CH1.ConfNb=1
SH.S_TIM8_CH2.0=TIM8_CH2,Input_Capture2_from_TI2
SH.S_TIM8_CH2.ConfNb=1
SH.S_TIM8_CH3.0=TIM8_CH3,Input_Capture3_from_TI3
SH.S_TIM8_CH3.ConfNb=1
SH.S_TIM8_CH4.0=TIM8_CH4,Input_Capture4_from_TI4
SH.S_TIM8_CH4.ConfNb=1
SPI2.CalculateBaudRate=2.0 MBits/s
SPI2.IPParameters=Mode,CalculateBaudRate
SPI2.Mode=SPI_MODE_MASTER
SPI3.CalculateBaudRate=2.0 MBits/s
SPI3.IPParameters=Mode,CalculateBaudRate
SPI3.Mode=SPI_MODE_MASTER
SPI4.CalculateBaudRate=4.0 MBits/s
SPI4.IPParameters=Mode,CalculateBaudRate
SPI4.Mode=SPI_MODE_MASTER
SPI5.CalculateBaudRate=4.0 MBits/s
SPI5.IPParameters=Mode,CalculateBaudRate
SPI5.Mode=SPI_MODE_MASTER
TIM1.Channel-Input_Capture2_from_TI2=TIM_CHANNEL_2
TIM1.Channel-Input_Capture3_from_TI3=TIM_CHANNEL_3
TIM1.Channel-Input_Capture4_from_TI4=TIM_CHANNEL_4
TIM1.IPParameters=Channel-Input_Capture3_from_TI3,Channel-Input_Capture4_from_TI4,Channel-Input_Capture2_from_TI2
TIM3.Channel-PWM\ Generation2\ CH2=TIM_CHANNEL_2
TIM3.Channel-PWM\ Generation3\ CH3=TIM_CHANNEL_3
TIM3.Channel-PWM\ Generation4\ CH4=TIM_CHANNEL_4
TIM3.IPParameters=Channel-PWM Generation2 CH2,Channel-PWM Generation3 CH3,Channel-PWM Generation4 CH4
TIM4.Channel-PWM\ Generation2\ CH2=TIM_CHANNEL_2
TIM4.Channel-PWM\ Generation3\ CH3=TIM_CHANNEL_3
TIM4.Channel-PWM\ Generation4\ CH4=TIM_CHANNEL_4
TIM4.IPParameters=Channel-PWM Generation2 CH2,Channel-PWM Generation4 CH4,Channel-PWM Generation3 CH3
TIM8.Channel-Input_Capture2_from_TI2=TIM_CHANNEL_2
TIM8.Channel-Input_Capture3_from_TI3=TIM_CHANNEL_3
TIM8.Channel-Input_Capture4_from_TI4=TIM_CHANNEL_4
TIM8.IPParameters=Channel-Input_Capture3_from_TI3,Channel-Input_Capture4_from_TI4,Channel-Input_Capture2_from_TI2
VP_LWIP_VS_Enabled.Mode=Enabled
VP_LWIP_VS_Enabled.Signal=LWIP_VS_Enabled
VP_SYS_VS_Systick.Mode=SysTick
VP_SYS_VS_Systick.Signal=SYS_VS_Systick
board=NUCLEO-F746ZG
boardIOC=true
